
Microsoft Visual Studio Solution File, Format Version 12.00
# Visual Studio Version 16
VisualStudioVersion = 16.0.29709.97
MinimumVisualStudioVersion = 10.0.40219.1
Project("{FAE04EC0-301F-11D3-BF4B-00C04F79EFBC}") = "ExpressPay", "ExpressPay.csproj", "{47CF8B58-9BD6-4407-8D10-BFFDFA261258}"
EndProject
Global
	GlobalSection(SolutionConfigurationPlatforms) = preSolution
		Debug|Any CPU = Debug|Any CPU
		Release|Any CPU = Release|Any CPU
	EndGlobalSection
	GlobalSection(ProjectConfigurationPlatforms) = postSolution
		{47CF8B58-9BD6-4407-8D10-BFFDFA261258}.Debug|Any CPU.ActiveCfg = Debug|Any CPU
		{47CF8B58-9BD6-4407-8D10-BFFDFA261258}.Debug|Any CPU.Build.0 = Debug|Any CPU
		{47CF8B58-9BD6-4407-8D10-BFFDFA261258}.Release|Any CPU.ActiveCfg = Release|Any CPU
		{47CF8B58-9BD6-4407-8D10-BFFDFA261258}.Release|Any CPU.Build.0 = Release|Any CPU
	EndGlobalSection
	GlobalSection(SolutionProperties) = preSolution
		HideSolutionNode = FALSE
	EndGlobalSection
	GlobalSection(ExtensibilityGlobals) = postSolution
		SolutionGuid = {15E13947-E221-477E-8486-6A9F73198A5B}
	EndGlobalSection
EndGlobal
